Microsoft Visual Studio Solution File, Format Version 7.00
Project("{F184B08F-C81C-45F6-A57F-5ABD9991F28F}") = "DragD.QuickWhereComponent", "DragD.QuickWhereComponent.vbproj", "{FF256310-39BC-4EFD-B2D4-BBABE57A8B09}"
EndProject
Global
	GlobalSection(SolutionConfiguration) = preSolution
		ConfigName.0 = Debug
		ConfigName.1 = Release
	EndGlobalSection
	GlobalSection(ProjectDependencies) = postSolution
	EndGlobalSection
	GlobalSection(ProjectConfiguration) = postSolution
		{FF256310-39BC-4EFD-B2D4-BBABE57A8B09}.Debug.ActiveCfg = Debug|.NET
		{FF256310-39BC-4EFD-B2D4-BBABE57A8B09}.Debug.Build.0 = Debug|.NET
		{FF256310-39BC-4EFD-B2D4-BBABE57A8B09}.Release.ActiveCfg = Release|.NET
		{FF256310-39BC-4EFD-B2D4-BBABE57A8B09}.Release.Build.0 = Release|.NET
	EndGlobalSection
	GlobalSection(ExtensibilityGlobals) = postSolution
	EndGlobalSection
	GlobalSection(ExtensibilityAddIns) = postSolution
	EndGlobalSection
EndGlobal
